
Microsoft Visual Studio Solution File, Format Version 12.00
# Visual Studio Version 17
VisualStudioVersion = 17.8.34525.116
MinimumVisualStudioVersion = 10.0.40219.1
Project("{9A19103F-16F7-4668-BE54-9A1E7A4F7556}") = "DependencyInjection", "DependencyInjection\DependencyInjection.csproj", "{BC1E274A-BCB4-41EF-BE01-EAEDB90FA174}"
EndProject
Project("{2150E333-8FDC-42A3-9474-1A3956D46DE8}") = "Solution Items", "Solution Items", "{7232B7E0-5219-475F-AB76-6887FD4614BD}"
	ProjectSection(SolutionItems) = preProject
		.gitignore = .gitignore
	EndProjectSection
EndProject
Global
	GlobalSection(SolutionConfigurationPlatforms) = preSolution
		Debug|Any CPU = Debug|Any CPU
		Release|Any CPU = Release|Any CPU
	EndGlobalSection
	GlobalSection(ProjectConfigurationPlatforms) = postSolution
		{BC1E274A-BCB4-41EF-BE01-EAEDB90FA174}.Debug|Any CPU.ActiveCfg = Debug|Any CPU
		{BC1E274A-BCB4-41EF-BE01-EAEDB90FA174}.Debug|Any CPU.Build.0 = Debug|Any CPU
		{BC1E274A-BCB4-41EF-BE01-EAEDB90FA174}.Release|Any CPU.ActiveCfg = Release|Any CPU
		{BC1E274A-BCB4-41EF-BE01-EAEDB90FA174}.Release|Any CPU.Build.0 = Release|Any CPU
	EndGlobalSection
	GlobalSection(SolutionProperties) = preSolution
		HideSolutionNode = FALSE
	EndGlobalSection
	GlobalSection(ExtensibilityGlobals) = postSolution
		SolutionGuid = {1316CC9A-69D9-4008-9648-6DC50768D285}
	EndGlobalSection
EndGlobal
